
Microsoft Visual Studio Solution File, Format Version 12.00
# Visual Studio Version 17
VisualStudioVersion = 17.14.36109.1 d17.14
MinimumVisualStudioVersion = 10.0.40219.1
Project("{FAE04EC0-301F-11D3-BF4B-00C04F79EFBC}") = "TechMart", "TechMart\TechMart.csproj", "{3D6D9355-BE91-45F9-93A4-407073C46731}"
EndProject
Global
	GlobalSection(SolutionConfigurationPlatforms) = preSolution
		Debug|Any CPU = Debug|Any CPU
		Release|Any CPU = Release|Any CPU
	EndGlobalSection
	GlobalSection(ProjectConfigurationPlatforms) = postSolution
		{3D6D9355-BE91-45F9-93A4-407073C46731}.Debug|Any CPU.ActiveCfg = Debug|Any CPU
		{3D6D9355-BE91-45F9-93A4-407073C46731}.Debug|Any CPU.Build.0 = Debug|Any CPU
		{3D6D9355-BE91-45F9-93A4-407073C46731}.Release|Any CPU.ActiveCfg = Release|Any CPU
		{3D6D9355-BE91-45F9-93A4-407073C46731}.Release|Any CPU.Build.0 = Release|Any CPU
	EndGlobalSection
	GlobalSection(SolutionProperties) = preSolution
		HideSolutionNode = FALSE
	EndGlobalSection
	GlobalSection(ExtensibilityGlobals) = postSolution
		SolutionGuid = {959D4A1D-3C2D-4388-BCA5-7B50900B23CA}
	EndGlobalSection
EndGlobal
